
Microsoft Visual Studio Solution File, Format Version 12.00
# Visual Studio Version 17
VisualStudioVersion = 17.4.33403.182
MinimumVisualStudioVersion = 10.0.40219.1
Project("{FAE04EC0-301F-11D3-BF4B-00C04F79EFBC}") = "mbaliStudyGroup", "mbaliStudyGroup\mbaliStudyGroup.csproj", "{F2CB3686-5312-44F0-B7BC-4F795F1D52D7}"
EndProject
Global
	GlobalSection(SolutionConfigurationPlatforms) = preSolution
		Debug|Any CPU = Debug|Any CPU
		Release|Any CPU = Release|Any CPU
	EndGlobalSection
	GlobalSection(ProjectConfigurationPlatforms) = postSolution
		{F2CB3686-5312-44F0-B7BC-4F795F1D52D7}.Debug|Any CPU.ActiveCfg = Debug|Any CPU
		{F2CB3686-5312-44F0-B7BC-4F795F1D52D7}.Debug|Any CPU.Build.0 = Debug|Any CPU
		{F2CB3686-5312-44F0-B7BC-4F795F1D52D7}.Release|Any CPU.ActiveCfg = Release|Any CPU
		{F2CB3686-5312-44F0-B7BC-4F795F1D52D7}.Release|Any CPU.Build.0 = Release|Any CPU
	EndGlobalSection
	GlobalSection(SolutionProperties) = preSolution
		HideSolutionNode = FALSE
	EndGlobalSection
	GlobalSection(ExtensibilityGlobals) = postSolution
		SolutionGuid = {B1CE66C5-60D6-48FD-A838-653FE437896A}
	EndGlobalSection
EndGlobal
